{
  "name": "@zhsrs/custom-markdown",
  "version": "1.0.0",
  "lockfileVersion": 1,
  "requires": true,
  "dependencies": {
    "@types/hyperscript": {
      "version": "0.0.3",
      "resolved": "https://registry.npmjs.org/@types/hyperscript/-/hyperscript-0.0.3.tgz",
      "integrity": "sha512-NNbK4Dck3S7ER/7hPq5QFlvrzEgNh+jci9yw84Ii64QJIX5rodtEH+hgxyeJO2bZ56kk5zzd8fQXa+Z9cC9+Og=="
    },
    "browser-split": {
      "version": "0.0.0",
      "resolved": "https://registry.npmjs.org/browser-split/-/browser-split-0.0.0.tgz",
      "integrity": "sha1-QUGcrvdpdVkp3VGJZ9PuwKYmJ3E="
    },
    "class-list": {
      "version": "0.1.1",
      "resolved": "https://registry.npmjs.org/class-list/-/class-list-0.1.1.tgz",
      "integrity": "sha1-m5dFGSxBebXaCg12M2WOPHDXlss=",
      "requires": {
        "indexof": "0.0.1"
      }
    },
    "html-element": {
      "version": "2.3.0",
      "resolved": "https://registry.npmjs.org/html-element/-/html-element-2.3.0.tgz",
      "integrity": "sha512-axsAv89JAxk/zSSOn+jK5dJ1eAUVSkienyIcruAe/kD5skC/E/HxjFfCfNYv8+A9m7BXR9kfL4ZD1ZobUfUWzQ==",
      "requires": {
        "class-list": "~0.1.1"
      }
    },
    "hyperscript": {
      "version": "2.0.2",
      "resolved": "https://registry.npmjs.org/hyperscript/-/hyperscript-2.0.2.tgz",
      "integrity": "sha1-ODnLpFVUvf4nu4HCFC0WhPgTWvU=",
      "requires": {
        "browser-split": "0.0.0",
        "class-list": "~0.1.0",
        "html-element": "^2.0.0"
      }
    },
    "indented-filter": {
      "version": "0.1.1",
      "resolved": "https://registry.npmjs.org/indented-filter/-/indented-filter-0.1.1.tgz",
      "integrity": "sha512-qOAYFXYHxMClzpXN95wgW/Myy7j332KEWNNl35boaAcU3tL1HPcLQLCLClzmTuyWG4kpmDk5Kps/Wz0u7paUNg=="
    },
    "indexof": {
      "version": "0.0.1",
      "resolved": "https://registry.npmjs.org/indexof/-/indexof-0.0.1.tgz",
      "integrity": "sha1-gtwzbSMrkGIXnQWrMpOmYFn9Q10="
    }
  }
}
